
Microsoft Visual Studio Solution File, Format Version 12.00
# Visual Studio Version 16
VisualStudioVersion = 16.0.29728.190
MinimumVisualStudioVersion = 10.0.40219.1
Project("{9A19103F-16F7-4668-BE54-9A1E7A4F7556}") = "DateTimeIntervalsCalculations", "DateTimeIntervalsCalculations\DateTimeIntervalsCalculations.csproj", "{BC200023-6A49-4B9D-81D3-A7950E5D123D}"
EndProject
Project("{FAE04EC0-301F-11D3-BF4B-00C04F79EFBC}") = "IntervalsCalculations.Tests", "IntervalsCalculations.Tests\IntervalsCalculations.Tests.csproj", "{D4ADB356-33E3-4802-A147-955A31639E50}"
EndProject
Global
	GlobalSection(SolutionConfigurationPlatforms) = preSolution
		Debug|Any CPU = Debug|Any CPU
		Release|Any CPU = Release|Any CPU
	EndGlobalSection
	GlobalSection(ProjectConfigurationPlatforms) = postSolution
		{BC200023-6A49-4B9D-81D3-A7950E5D123D}.Debug|Any CPU.ActiveCfg = Debug|Any CPU
		{BC200023-6A49-4B9D-81D3-A7950E5D123D}.Debug|Any CPU.Build.0 = Debug|Any CPU
		{BC200023-6A49-4B9D-81D3-A7950E5D123D}.Release|Any CPU.ActiveCfg = Release|Any CPU
		{BC200023-6A49-4B9D-81D3-A7950E5D123D}.Release|Any CPU.Build.0 = Release|Any CPU
		{D4ADB356-33E3-4802-A147-955A31639E50}.Debug|Any CPU.ActiveCfg = Debug|Any CPU
		{D4ADB356-33E3-4802-A147-955A31639E50}.Debug|Any CPU.Build.0 = Debug|Any CPU
		{D4ADB356-33E3-4802-A147-955A31639E50}.Release|Any CPU.ActiveCfg = Release|Any CPU
		{D4ADB356-33E3-4802-A147-955A31639E50}.Release|Any CPU.Build.0 = Release|Any CPU
	EndGlobalSection
	GlobalSection(SolutionProperties) = preSolution
		HideSolutionNode = FALSE
	EndGlobalSection
	GlobalSection(ExtensibilityGlobals) = postSolution
		SolutionGuid = {C8CB1007-41A3-4851-B04A-EC36DD1EF38C}
	EndGlobalSection
EndGlobal
